
Microsoft Visual Studio Solution File, Format Version 12.00
# Visual Studio Version 17
VisualStudioVersion = 17.3.32819.101
MinimumVisualStudioVersion = 10.0.40219.1
Project("{9A19103F-16F7-4668-BE54-9A1E7A4F7556}") = "API", "PRJ.API\API.csproj", "{CDB15865-40EB-4756-B2FC-E4110E4B44FA}"
EndProject
Project("{9A19103F-16F7-4668-BE54-9A1E7A4F7556}") = "DataAccessLayer", "PRJ.DataAccess\DataAccessLayer.csproj", "{CE341B25-BF30-4B0A-ABA7-B6AED10908AD}"
EndProject
Project("{9A19103F-16F7-4668-BE54-9A1E7A4F7556}") = "Repository", "PRJ.Repository\Repository.csproj", "{09B4C81B-330B-467D-B0CF-4FB89F91D49E}"
EndProject
Project("{9A19103F-16F7-4668-BE54-9A1E7A4F7556}") = "Services", "PRJ.Service\Services.csproj", "{76A19570-D0D0-41B9-AC05-7D196F6C141F}"
EndProject
Project("{9A19103F-16F7-4668-BE54-9A1E7A4F7556}") = "Utilities", "PRJ.Utility\Utilities.csproj", "{46330FDA-0705-40C0-920A-E609123D49C9}"
EndProject
Global
	GlobalSection(SolutionConfigurationPlatforms) = preSolution
		Debug|Any CPU = Debug|Any CPU
		Release|Any CPU = Release|Any CPU
	EndGlobalSection
	GlobalSection(ProjectConfigurationPlatforms) = postSolution
		{CDB15865-40EB-4756-B2FC-E4110E4B44FA}.Debug|Any CPU.ActiveCfg = Debug|Any CPU
		{CDB15865-40EB-4756-B2FC-E4110E4B44FA}.Debug|Any CPU.Build.0 = Debug|Any CPU
		{CDB15865-40EB-4756-B2FC-E4110E4B44FA}.Release|Any CPU.ActiveCfg = Release|Any CPU
		{CDB15865-40EB-4756-B2FC-E4110E4B44FA}.Release|Any CPU.Build.0 = Release|Any CPU
		{CE341B25-BF30-4B0A-ABA7-B6AED10908AD}.Debug|Any CPU.ActiveCfg = Debug|Any CPU
		{CE341B25-BF30-4B0A-ABA7-B6AED10908AD}.Debug|Any CPU.Build.0 = Debug|Any CPU
		{CE341B25-BF30-4B0A-ABA7-B6AED10908AD}.Release|Any CPU.ActiveCfg = Release|Any CPU
		{CE341B25-BF30-4B0A-ABA7-B6AED10908AD}.Release|Any CPU.Build.0 = Release|Any CPU
		{09B4C81B-330B-467D-B0CF-4FB89F91D49E}.Debug|Any CPU.ActiveCfg = Debug|Any CPU
		{09B4C81B-330B-467D-B0CF-4FB89F91D49E}.Debug|Any CPU.Build.0 = Debug|Any CPU
		{09B4C81B-330B-467D-B0CF-4FB89F91D49E}.Release|Any CPU.ActiveCfg = Release|Any CPU
		{09B4C81B-330B-467D-B0CF-4FB89F91D49E}.Release|Any CPU.Build.0 = Release|Any CPU
		{76A19570-D0D0-41B9-AC05-7D196F6C141F}.Debug|Any CPU.ActiveCfg = Debug|Any CPU
		{76A19570-D0D0-41B9-AC05-7D196F6C141F}.Debug|Any CPU.Build.0 = Debug|Any CPU
		{76A19570-D0D0-41B9-AC05-7D196F6C141F}.Release|Any CPU.ActiveCfg = Release|Any CPU
		{76A19570-D0D0-41B9-AC05-7D196F6C141F}.Release|Any CPU.Build.0 = Release|Any CPU
		{46330FDA-0705-40C0-920A-E609123D49C9}.Debug|Any CPU.ActiveCfg = Debug|Any CPU
		{46330FDA-0705-40C0-920A-E609123D49C9}.Debug|Any CPU.Build.0 = Debug|Any CPU
		{46330FDA-0705-40C0-920A-E609123D49C9}.Release|Any CPU.ActiveCfg = Release|Any CPU
		{46330FDA-0705-40C0-920A-E609123D49C9}.Release|Any CPU.Build.0 = Release|Any CPU
	EndGlobalSection
	GlobalSection(SolutionProperties) = preSolution
		HideSolutionNode = FALSE
	EndGlobalSection
	GlobalSection(ExtensibilityGlobals) = postSolution
		SolutionGuid = {5A3450EA-AAA3-4243-B86A-2027C07C2212}
	EndGlobalSection
EndGlobal
